<?xml version="1.0" encoding="utf-8"?>
<Project ToolsVersion="4.0" xmlns="http://schemas.microsoft.com/developer/msbuild/2003">
  <ItemGroup>
    <ClCompile Include="Server.cpp" />
    <ClCompile Include="..\..\core\IData.cpp">
      <Filter>core</Filter>
    </ClCompile>
  </ItemGroup>
  <ItemGroup>
    <Filter Include="core">
      <UniqueIdentifier>{f430330e-ffe2-4f96-9d99-7f5d037b82b6}</UniqueIdentifier>
    </Filter>
    <Filter Include="public">
      <UniqueIdentifier>{e1343711-a2ba-4b8c-b6dd-b6507c8affa8}</UniqueIdentifier>
    </Filter>
  </ItemGroup>
  <ItemGroup>
    <ClInclude Include="..\..\core\IData.h">
      <Filter>core</Filter>
    </ClInclude>
  </ItemGroup>
</Project>